// !$*UTF8*$!
{
	archiveVersion = 1;
	classes = {
	};
	objectVersion = 55;
	objects = {

/* Begin PBXBuildFile section */
		7A2115012A39BEAF00EBA702 /* AppDelegate.swift in Sources */ = {isa = PBXBuildFile; fileRef = 7A2115002A39BEAF00EBA702 /* AppDelegate.swift */; };
		7A2115032A39BEAF00EBA702 /* SceneDelegate.swift in Sources */ = {isa = PBXBuildFile; fileRef = 7A2115022A39BEAF00EBA702 /* SceneDelegate.swift */; };
		7A2115052A39BEAF00EBA702 /* ViewController.swift in Sources */ = {isa = PBXBuildFile; fileRef = 7A2115042A39BEAF00EBA702 /* ViewController.swift */; };
		7A2115082A39BEAF00EBA702 /* Main.storyboard in Resources */ = {isa = PBXBuildFile; fileRef = 7A2115062A39BEAF00EBA702 /* Main.storyboard */; };
		7A21150B2A39BEAF00EBA702 /* WeatherAppClone.xcdatamodeld in Sources */ = {isa = PBXBuildFile; fileRef = 7A2115092A39BEAF00EBA702 /* WeatherAppClone.xcdatamodeld */; };
		7A21150D2A39BEB000EBA702 /* Assets.xcassets in Resources */ = {isa = PBXBuildFile; fileRef = 7A21150C2A39BEB000EBA702 /* Assets.xcassets */; };
		7A2115102A39BEB000EBA702 /* LaunchScreen.storyboard in Resources */ = {isa = PBXBuildFile; fileRef = 7A21150E2A39BEB000EBA702 /* LaunchScreen.storyboard */; };
		7A21151C2A39D10300EBA702 /* APICaller.swift in Sources */ = {isa = PBXBuildFile; fileRef = 7A21151B2A39D10300EBA702 /* APICaller.swift */; };
		7AB696E92A3A566A0046B556 /* WeatherDataTableViewCell.swift in Sources */ = {isa = PBXBuildFile; fileRef = 7AB696E72A3A566A0046B556 /* WeatherDataTableViewCell.swift */; };
		7AB696EA2A3A566A0046B556 /* WeatherDataTableViewCell.xib in Resources */ = {isa = PBXBuildFile; fileRef = 7AB696E82A3A566A0046B556 /* WeatherDataTableViewCell.xib */; };
		7AB696ED2A3A56CA0046B556 /* HourlyTableViewCell.swift in Sources */ = {isa = PBXBuildFile; fileRef = 7AB696EB2A3A56CA0046B556 /* HourlyTableViewCell.swift */; };
		7AB696EE2A3A56CA0046B556 /* HourlyTableViewCell.xib in Resources */ = {isa = PBXBuildFile; fileRef = 7AB696EC2A3A56CA0046B556 /* HourlyTableViewCell.xib */; };
		7AB696F12A3B4D220046B556 /* WeatherCollectionViewCell.swift in Sources */ = {isa = PBXBuildFile; fileRef = 7AB696EF2A3B4D220046B556 /* WeatherCollectionViewCell.swift */; };
		7AB696F22A3B4D220046B556 /* WeatherCollectionViewCell.xib in Resources */ = {isa = PBXBuildFile; fileRef = 7AB696F02A3B4D220046B556 /* WeatherCollectionViewCell.xib */; };
/* End PBXBuildFile section */

/* Begin PBXFileReference section */
		7A2114FD2A39BEAF00EBA702 /* WeatherAppClone.app */ = {isa = PBXFileReference; explicitFileType = wrapper.application; includeInIndex = 0; path = WeatherAppClone.app; sourceTree = BUILT_PRODUCTS_DIR; };
		7A2115002A39BEAF00EBA702 /* AppDelegate.swift */ = {isa = PBXFileReference; lastKnownFileType = sourcecode.swift; path = AppDelegate.swift; sourceTree = "<group>"; };
		7A2115022A39BEAF00EBA702 /* SceneDelegate.swift */ = {isa = PBXFileReference; lastKnownFileType = sourcecode.swift; path = SceneDelegate.swift; sourceTree = "<group>"; };
		7A2115042A39BEAF00EBA702 /* ViewController.swift */ = {isa = PBXFileReference; lastKnownFileType = sourcecode.swift; path = ViewController.swift; sourceTree = "<group>"; };
		7A2115072A39BEAF00EBA702 /* Base */ = {isa = PBXFileReference; lastKnownFileType = file.storyboard; name = Base; path = Base.lproj/Main.storyboard; sourceTree = "<group>"; };
		7A21150A2A39BEAF00EBA702 /* WeatherAppClone.xcdatamodel */ = {isa = PBXFileReference; lastKnownFileType = wrapper.xcdatamodel; path = WeatherAppClone.xcdatamodel; sourceTree = "<group>"; };
		7A21150C2A39BEB000EBA702 /* Assets.xcassets */ = {isa = PBXFileReference; lastKnownFileType = folder.assetcatalog; path = Assets.xcassets; sourceTree = "<group>"; };
		7A21150F2A39BEB000EBA702 /* Base */ = {isa = PBXFileReference; lastKnownFileType = file.storyboard; name = Base; path = Base.lproj/LaunchScreen.storyboard; sourceTree = "<group>"; };
		7A2115112A39BEB000EBA702 /* Info.plist */ = {isa = PBXFileReference; lastKnownFileType = text.plist.xml; path = Info.plist; sourceTree = "<group>"; };
		7A21151B2A39D10300EBA702 /* APICaller.swift */ = {isa = PBXFileReference; lastKnownFileType = sourcecode.swift; path = APICaller.swift; sourceTree = "<group>"; };
		7AB696E72A3A566A0046B556 /* WeatherDataTableViewCell.swift */ = {isa = PBXFileReference; lastKnownFileType = sourcecode.swift; path = WeatherDataTableViewCell.swift; sourceTree = "<group>"; };
		7AB696E82A3A566A0046B556 /* WeatherDataTableViewCell.xib */ = {isa = PBXFileReference; lastKnownFileType = file.xib; path = WeatherDataTableViewCell.xib; sourceTree = "<group>"; };
		7AB696EB2A3A56CA0046B556 /* HourlyTableViewCell.swift */ = {isa = PBXFileReference; lastKnownFileType = sourcecode.swift; path = HourlyTableViewCell.swift; sourceTree = "<group>"; };
		7AB696EC2A3A56CA0046B556 /* HourlyTableViewCell.xib */ = {isa = PBXFileReference; lastKnownFileType = file.xib; path = HourlyTableViewCell.xib; sourceTree = "<group>"; };
		7AB696EF2A3B4D220046B556 /* WeatherCollectionViewCell.swift */ = {isa = PBXFileReference; lastKnownFileType = sourcecode.swift; path = WeatherCollectionViewCell.swift; sourceTree = "<group>"; };
		7AB696F02A3B4D220046B556 /* WeatherCollectionViewCell.xib */ = {isa = PBXFileReference; lastKnownFileType = file.xib; path = WeatherCollectionViewCell.xib; sourceTree = "<group>"; };
/* End PBXFileReference section */

/* Begin PBXFrameworksBuildPhase section */
		7A2114FA2A39BEAF00EBA702 /* Frameworks */ = {
			isa = PBXFrameworksBuildPhase;
			buildActionMask = 2147483647;
			files = (
			);
			runOnlyForDeploymentPostprocessing = 0;
		};
/* End PBXFrameworksBuildPhase section */

/* Begin PBXGroup section */
		7A2114F42A39BEAF00EBA702 = {
			isa = PBXGroup;
			children = (
				7AB696E32A3A32B50046B556 /* Cell */,
				7A21151A2A39D0F200EBA702 /* Managers */,
				7A2114FF2A39BEAF00EBA702 /* WeatherAppClone */,
				7A2114FE2A39BEAF00EBA702 /* Products */,
			);
			sourceTree = "<group>";
		};
		7A2114FE2A39BEAF00EBA702 /* Products */ = {
			isa = PBXGroup;
			children = (
				7A2114FD2A39BEAF00EBA702 /* WeatherAppClone.app */,
			);
			name = Products;
			sourceTree = "<group>";
		};
		7A2114FF2A39BEAF00EBA702 /* WeatherAppClone */ = {
			isa = PBXGroup;
			children = (
				7A2115002A39BEAF00EBA702 /* AppDelegate.swift */,
				7A2115022A39BEAF00EBA702 /* SceneDelegate.swift */,
				7A2115042A39BEAF00EBA702 /* ViewController.swift */,
				7A2115062A39BEAF00EBA702 /* Main.storyboard */,
				7A21150C2A39BEB000EBA702 /* Assets.xcassets */,
				7A21150E2A39BEB000EBA702 /* LaunchScreen.storyboard */,
				7A2115112A39BEB000EBA702 /* Info.plist */,
				7A2115092A39BEAF00EBA702 /* WeatherAppClone.xcdatamodeld */,
			);
			path = WeatherAppClone;
			sourceTree = "<group>";
		};
		7A21151A2A39D0F200EBA702 /* Managers */ = {
			isa = PBXGroup;
			children = (
				7A21151B2A39D10300EBA702 /* APICaller.swift */,
			);
			path = Managers;
			sourceTree = "<group>";
		};
		7AB696E32A3A32B50046B556 /* Cell */ = {
			isa = PBXGroup;
			children = (
				7AB696E72A3A566A0046B556 /* WeatherDataTableViewCell.swift */,
				7AB696E82A3A566A0046B556 /* WeatherDataTableViewCell.xib */,
				7AB696EB2A3A56CA0046B556 /* HourlyTableViewCell.swift */,
				7AB696EC2A3A56CA0046B556 /* HourlyTableViewCell.xib */,
				7AB696EF2A3B4D220046B556 /* WeatherCollectionViewCell.swift */,
				7AB696F02A3B4D220046B556 /* WeatherCollectionViewCell.xib */,
			);
			path = Cell;
			sourceTree = "<group>";
		};
/* End PBXGroup section */

/* Begin PBXNativeTarget section */
		7A2114FC2A39BEAF00EBA702 /* WeatherAppClone */ = {
			isa = PBXNativeTarget;
			buildConfigurationList = 7A2115142A39BEB000EBA702 /* Build configuration list for PBXNativeTarget "WeatherAppClone" */;
			buildPhases = (
				7A2114F92A39BEAF00EBA702 /* Sources */,
				7A2114FA2A39BEAF00EBA702 /* Frameworks */,
				7A2114FB2A39BEAF00EBA702 /* Resources */,
			);
			buildRules = (
			);
			dependencies = (
			);
			name = WeatherAppClone;
			productName = WeatherAppClone;
			productReference = 7A2114FD2A39BEAF00EBA702 /* WeatherAppClone.app */;
			productType = "com.apple.product-type.application";
		};
/* End PBXNativeTarget section */

/* Begin PBXProject section */
		7A2114F52A39BEAF00EBA702 /* Project object */ = {
			isa = PBXProject;
			attributes = {
				BuildIndependentTargetsInParallel = 1;
				LastSwiftUpdateCheck = 1310;
				LastUpgradeCheck = 1310;
				TargetAttributes = {
					7A2114FC2A39BEAF00EBA702 = {
						CreatedOnToolsVersion = 13.1;
					};
				};
			};
			buildConfigurationList = 7A2114F82A39BEAF00EBA702 /* Build configuration list for PBXProject "WeatherAppClone" */;
			compatibilityVersion = "Xcode 13.0";
			developmentRegion = en;
			hasScannedForEncodings = 0;
			knownRegions = (
				en,
				Base,
			);
			mainGroup = 7A2114F42A39BEAF00EBA702;
			productRefGroup = 7A2114FE2A39BEAF00EBA702 /* Products */;
			projectDirPath = "";
			projectRoot = "";
			targets = (
				7A2114FC2A39BEAF00EBA702 /* WeatherAppClone */,
			);
		};
/* End PBXProject section */

/* Begin PBXResourcesBuildPhase section */
		7A2114FB2A39BEAF00EBA702 /* Resources */ = {
			isa = PBXResourcesBuildPhase;
			buildActionMask = 2147483647;
			files = (
				7AB696EE2A3A56CA0046B556 /* HourlyTableViewCell.xib in Resources */,
				7A2115102A39BEB000EBA702 /* LaunchScreen.storyboard in Resources */,
				7A21150D2A39BEB000EBA702 /* Assets.xcassets in Resources */,
				7AB696EA2A3A566A0046B556 /* WeatherDataTableViewCell.xib in Resources */,
				7A2115082A39BEAF00EBA702 /* Main.storyboard in Resources */,
				7AB696F22A3B4D220046B556 /* WeatherCollectionViewCell.xib in Resources */,
			);
			runOnlyForDeploymentPostprocessing = 0;
		};
/* End PBXResourcesBuildPhase section */

/* Begin PBXSourcesBuildPhase section */
		7A2114F92A39BEAF00EBA702 /* Sources */ = {
			isa = PBXSourcesBuildPhase;
			buildActionMask = 2147483647;
			files = (
				7AB696F12A3B4D220046B556 /* WeatherCollectionViewCell.swift in Sources */,
				7A2115052A39BEAF00EBA702 /* ViewController.swift in Sources */,
				7A21151C2A39D10300EBA702 /* APICaller.swift in Sources */,
				7A2115012A39BEAF00EBA702 /* AppDelegate.swift in Sources */,
				7A21150B2A39BEAF00EBA702 /* WeatherAppClone.xcdatamodeld in Sources */,
				7AB696ED2A3A56CA0046B556 /* HourlyTableViewCell.swift in Sources */,
				7A2115032A39BEAF00EBA702 /* SceneDelegate.swift in Sources */,
				7AB696E92A3A566A0046B556 /* WeatherDataTableViewCell.swift in Sources */,
			);
			runOnlyForDeploymentPostprocessing = 0;
		};
/* End PBXSourcesBuildPhase section */

/* Begin PBXVariantGroup section */
		7A2115062A39BEAF00EBA702 /* Main.storyboard */ = {
			isa = PBXVariantGroup;
			children = (
				7A2115072A39BEAF00EBA702 /* Base */,
			);
			name = Main.storyboard;
			sourceTree = "<group>";
		};
		7A21150E2A39BEB000EBA702 /* LaunchScreen.storyboard */ = {
			isa = PBXVariantGroup;
			children = (
				7A21150F2A39BEB000EBA702 /* Base */,
			);
			name = LaunchScreen.storyboard;
			sourceTree = "<group>";
		};
/* End PBXVariantGroup section */

/* Begin XCBuildConfiguration section */
		7A2115122A39BEB000EBA702 /* Debug */ = {
			isa = XCBuildConfiguration;
			buildSettings = {
				ALWAYS_SEARCH_USER_PATHS = NO;
				CLANG_ANALYZER_NONNULL = YES;
				CLANG_ANALYZER_NUMBER_OBJECT_CONVERSION = YES_AGGRESSIVE;
				CLANG_CXX_LANGUAGE_STANDARD = "gnu++17";
				CLANG_CXX_LIBRARY = "libc++";
				CLANG_ENABLE_MODULES = YES;
				CLANG_ENABLE_OBJC_ARC = YES;
				CLANG_ENABLE_OBJC_WEAK = YES;
				CLANG_WARN_BLOCK_CAPTURE_AUTORELEASING = YES;
				CLANG_WARN_BOOL_CONVERSION = YES;
				CLANG_WARN_COMMA = YES;
				CLANG_WARN_CONSTANT_CONVERSION = YES;
				CLANG_WARN_DEPRECATED_OBJC_IMPLEMENTATIONS = YES;
				CLANG_WARN_DIRECT_OBJC_ISA_USAGE = YES_ERROR;
				CLANG_WARN_DOCUMENTATION_COMMENTS = YES;
				CLANG_WARN_EMPTY_BODY = YES;
				CLANG_WARN_ENUM_CONVERSION = YES;
				CLANG_WARN_INFINITE_RECURSION = YES;
				CLANG_WARN_INT_CONVERSION = YES;
				CLANG_WARN_NON_LITERAL_NULL_CONVERSION = YES;
				CLANG_WARN_OBJC_IMPLICIT_RETAIN_SELF = YES;
				CLANG_WARN_OBJC_LITERAL_CONVERSION = YES;
				CLANG_WARN_OBJC_ROOT_CLASS = YES_ERROR;
				CLANG_WARN_QUOTED_INCLUDE_IN_FRAMEWORK_HEADER = YES;
				CLANG_WARN_RANGE_LOOP_ANALYSIS = YES;
				CLANG_WARN_STRICT_PROTOTYPES = YES;
				CLANG_WARN_SUSPICIOUS_MOVE = YES;
				CLANG_WARN_UNGUARDED_AVAILABILITY = YES_AGGRESSIVE;
				CLANG_WARN_UNREACHABLE_CODE = YES;
				CLANG_WARN__DUPLICATE_METHOD_MATCH = YES;
				COPY_PHASE_STRIP = NO;
				DEBUG_INFORMATION_FORMAT = dwarf;
				ENABLE_STRICT_OBJC_MSGSEND = YES;
				ENABLE_TESTABILITY = YES;
				GCC_C_LANGUAGE_STANDARD = gnu11;
				GCC_DYNAMIC_NO_PIC = NO;
				GCC_NO_COMMON_BLOCKS = YES;
				GCC_OPTIMIZATION_LEVEL = 0;
				GCC_PREPROCESSOR_DEFINITIONS = (
					"DEBUG=1",
					"$(inherited)",
				);
				GCC_WARN_64_TO_32_BIT_CONVERSION = YES;
				GCC_WARN_ABOUT_RETURN_TYPE = YES_ERROR;
				GCC_WARN_UNDECLARED_SELECTOR = YES;
				GCC_WARN_UNINITIALIZED_AUTOS = YES_AGGRESSIVE;
				GCC_WARN_UNUSED_FUNCTION = YES;
				GCC_WARN_UNUSED_VARIABLE = YES;
				IPHONEOS_DEPLOYMENT_TARGET = 15.0;
				MTL_ENABLE_DEBUG_INFO = INCLUDE_SOURCE;
				MTL_FAST_MATH = YES;
				ONLY_ACTIVE_ARCH = YES;
				SDKROOT = iphoneos;
				SWIFT_ACTIVE_COMPILATION_CONDITIONS = DEBUG;
				SWIFT_OPTIMIZATION_LEVEL = "-Onone";
			};
			name = Debug;
		};
		7A2115132A39BEB000EBA702 /* Release */ = {
			isa = XCBuildConfiguration;
			buildSettings = {
				ALWAYS_SEARCH_USER_PATHS = NO;
				CLANG_ANALYZER_NONNULL = YES;
				CLANG_ANALYZER_NUMBER_OBJECT_CONVERSION = YES_AGGRESSIVE;
				CLANG_CXX_LANGUAGE_STANDARD = "gnu++17";
				CLANG_CXX_LIBRARY = "libc++";
				CLANG_ENABLE_MODULES = YES;
				CLANG_ENABLE_OBJC_ARC = YES;
				CLANG_ENABLE_OBJC_WEAK = YES;
				CLANG_WARN_BLOCK_CAPTURE_AUTORELEASING = YES;
				CLANG_WARN_BOOL_CONVERSION = YES;
				CLANG_WARN_COMMA = YES;
				CLANG_WARN_CONSTANT_CONVERSION = YES;
				CLANG_WARN_DEPRECATED_OBJC_IMPLEMENTATIONS = YES;
				CLANG_WARN_DIRECT_OBJC_ISA_USAGE = YES_ERROR;
				CLANG_WARN_DOCUMENTATION_COMMENTS = YES;
				CLANG_WARN_EMPTY_BODY = YES;
				CLANG_WARN_ENUM_CONVERSION = YES;
				CLANG_WARN_INFINITE_RECURSION = YES;
				CLANG_WARN_INT_CONVERSION = YES;
				CLANG_WARN_NON_LITERAL_NULL_CONVERSION = YES;
				CLANG_WARN_OBJC_IMPLICIT_RETAIN_SELF = YES;
				CLANG_WARN_OBJC_LITERAL_CONVERSION = YES;
				CLANG_WARN_OBJC_ROOT_CLASS = YES_ERROR;
				CLANG_WARN_QUOTED_INCLUDE_IN_FRAMEWORK_HEADER = YES;
				CLANG_WARN_RANGE_LOOP_ANALYSIS = YES;
				CLANG_WARN_STRICT_PROTOTYPES = YES;
				CLANG_WARN_SUSPICIOUS_MOVE = YES;
				CLANG_WARN_UNGUARDED_AVAILABILITY = YES_AGGRESSIVE;
				CLANG_WARN_UNREACHABLE_CODE = YES;
				CLANG_WARN__DUPLICATE_METHOD_MATCH = YES;
				COPY_PHASE_STRIP = NO;
				DEBUG_INFORMATION_FORMAT = "dwarf-with-dsym";
				ENABLE_NS_ASSERTIONS = NO;
				ENABLE_STRICT_OBJC_MSGSEND = YES;
				GCC_C_LANGUAGE_STANDARD = gnu11;
				GCC_NO_COMMON_BLOCKS = YES;
				GCC_WARN_64_TO_32_BIT_CONVERSION = YES;
				GCC_WARN_ABOUT_RETURN_TYPE = YES_ERROR;
				GCC_WARN_UNDECLARED_SELECTOR = YES;
				GCC_WARN_UNINITIALIZED_AUTOS = YES_AGGRESSIVE;
				GCC_WARN_UNUSED_FUNCTION = YES;
				GCC_WARN_UNUSED_VARIABLE = YES;
				IPHONEOS_DEPLOYMENT_TARGET = 15.0;
				MTL_ENABLE_DEBUG_INFO = NO;
				MTL_FAST_MATH = YES;
				SDKROOT = iphoneos;
				SWIFT_COMPILATION_MODE = wholemodule;
				SWIFT_OPTIMIZATION_LEVEL = "-O";
				VALIDATE_PRODUCT = YES;
			};
			name = Release;
		};
		7A2115152A39BEB000EBA702 /* Debug */ = {
			isa = XCBuildConfiguration;
			buildSettings = {
				ASSETCATALOG_COMPILER_APPICON_NAME = AppIcon;
				ASSETCATALOG_COMPILER_GLOBAL_ACCENT_COLOR_NAME = AccentColor;
				CODE_SIGN_STYLE = Automatic;
				CURRENT_PROJECT_VERSION = 1;
				GENERATE_INFOPLIST_FILE = YES;
				INFOPLIST_FILE = WeatherAppClone/Info.plist;
				INFOPLIST_KEY_UIApplicationSupportsIndirectInputEvents = YES;
				INFOPLIST_KEY_UILaunchStoryboardName = LaunchScreen;
				INFOPLIST_KEY_UIMainStoryboardFile = Main;
				INFOPLIST_KEY_UISupportedInterfaceOrientations_iPad = "UIInterfaceOrientationPortrait UIInterfaceOrientationPortraitUpsideDown UIInterfaceOrientationLandscapeLeft UIInterfaceOrientationLandscapeRight";
				INFOPLIST_KEY_UISupportedInterfaceOrientations_iPhone = "UIInterfaceOrientationPortrait UIInterfaceOrientationLandscapeLeft UIInterfaceOrientationLandscapeRight";
				LD_RUNPATH_SEARCH_PATHS = (
					"$(inherited)",
					"@executable_path/Frameworks",
				);
				MARKETING_VERSION = 1.0;
				PRODUCT_BUNDLE_IDENTIFIER = john.WeatherAppClone;
				PRODUCT_NAME = "$(TARGET_NAME)";
				SWIFT_EMIT_LOC_STRINGS = YES;
				SWIFT_VERSION = 5.0;
				TARGETED_DEVICE_FAMILY = "1,2";
			};
			name = Debug;
		};
		7A2115162A39BEB000EBA702 /* Release */ = {
			isa = XCBuildConfiguration;
			buildSettings = {
				ASSETCATALOG_COMPILER_APPICON_NAME = AppIcon;
				ASSETCATALOG_COMPILER_GLOBAL_ACCENT_COLOR_NAME = AccentColor;
				CODE_SIGN_STYLE = Automatic;
				CURRENT_PROJECT_VERSION = 1;
				GENERATE_INFOPLIST_FILE = YES;
				INFOPLIST_FILE = WeatherAppClone/Info.plist;
				INFOPLIST_KEY_UIApplicationSupportsIndirectInputEvents = YES;
				INFOPLIST_KEY_UILaunchStoryboardName = LaunchScreen;
				INFOPLIST_KEY_UIMainStoryboardFile = Main;
				INFOPLIST_KEY_UISupportedInterfaceOrientations_iPad = "UIInterfaceOrientationPortrait UIInterfaceOrientationPortraitUpsideDown UIInterfaceOrientationLandscapeLeft UIInterfaceOrientationLandscapeRight";
				INFOPLIST_KEY_UISupportedInterfaceOrientations_iPhone = "UIInterfaceOrientationPortrait UIInterfaceOrientationLandscapeLeft UIInterfaceOrientationLandscapeRight";
				LD_RUNPATH_SEARCH_PATHS = (
					"$(inherited)",
					"@executable_path/Frameworks",
				);
				MARKETING_VERSION = 1.0;
				PRODUCT_BUNDLE_IDENTIFIER = john.WeatherAppClone;
				PRODUCT_NAME = "$(TARGET_NAME)";
				SWIFT_EMIT_LOC_STRINGS = YES;
				SWIFT_VERSION = 5.0;
				TARGETED_DEVICE_FAMILY = "1,2";
			};
			name = Release;
		};
/* End XCBuildConfiguration section */

/* Begin XCConfigurationList section */
		7A2114F82A39BEAF00EBA702 /* Build configuration list for PBXProject "WeatherAppClone" */ = {
			isa = XCConfigurationList;
			buildConfigurations = (
				7A2115122A39BEB000EBA702 /* Debug */,
				7A2115132A39BEB000EBA702 /* Release */,
			);
			defaultConfigurationIsVisible = 0;
			defaultConfigurationName = Release;
		};
		7A2115142A39BEB000EBA702 /* Build configuration list for PBXNativeTarget "WeatherAppClone" */ = {
			isa = XCConfigurationList;
			buildConfigurations = (
				7A2115152A39BEB000EBA702 /* Debug */,
				7A2115162A39BEB000EBA702 /* Release */,
			);
			defaultConfigurationIsVisible = 0;
			defaultConfigurationName = Release;
		};
/* End XCConfigurationList section */

/* Begin XCVersionGroup section */
		7A2115092A39BEAF00EBA702 /* WeatherAppClone.xcdatamodeld */ = {
			isa = XCVersionGroup;
			children = (
				7A21150A2A39BEAF00EBA702 /* WeatherAppClone.xcdatamodel */,
			);
			currentVersion = 7A21150A2A39BEAF00EBA702 /* WeatherAppClone.xcdatamodel */;
			path = WeatherAppClone.xcdatamodeld;
			sourceTree = "<group>";
			versionGroupType = wrapper.xcdatamodel;
		};
/* End XCVersionGroup section */
	};
	rootObject = 7A2114F52A39BEAF00EBA702 /* Project object */;
}
